
Microsoft Visual Studio Solution File, Format Version 12.00
Project("{FAE04EC0-301F-11D3-BF4B-00C04F79EFBC}") = "control-browser", "control-browser\control-browser.csproj", "{50B78A97-0960-4846-9349-8C1BE7DCCB80}"
EndProject
Project("{FAE04EC0-301F-11D3-BF4B-00C04F79EFBC}") = "playwright-controller", "controller\playwright-controller.csproj", "{D8D3FEC2-81F3-426D-BD46-F157FAB69F76}"
EndProject
Project("{FAE04EC0-301F-11D3-BF4B-00C04F79EFBC}") = "playwright-web-proxy-server", "playwright-web-proxy-server\playwright-web-proxy-server.csproj", "{D5BA417F-5FF0-4043-B76B-5871CBACD147}"
EndProject
Project("{2150E333-8FDC-42A3-9474-1A3956D46DE8}") = "kcg-xlib", "kcg-xlib", "{FE8048C8-DDAC-4506-BB9B-DF0C06A4401C}"
EndProject
Project("{FAE04EC0-301F-11D3-BF4B-00C04F79EFBC}") = "playwright-proxy-manager", "proxy-manager\playwright-proxy-manager.csproj", "{5B2614D3-29B5-4248-8FE3-6B851B87C831}"
EndProject
Project("{FAE04EC0-301F-11D3-BF4B-00C04F79EFBC}") = "playwright-proxy-config", "proxy-config\playwright-proxy-config.csproj", "{F4EFFD68-54A3-4D30-89C7-13F88DE63488}"
EndProject
Project("{2150E333-8FDC-42A3-9474-1A3956D46DE8}") = "playwright-utility", "playwright-utility", "{A9EFCD64-C0AE-4C73-A394-23DF7D45CE48}"
EndProject
Project("{FAE04EC0-301F-11D3-BF4B-00C04F79EFBC}") = "playwright-client", "playwright-client\playwright-client.csproj", "{03D2E53F-759D-4CFE-997A-D7E13A6F6801}"
EndProject
Project("{FAE04EC0-301F-11D3-BF4B-00C04F79EFBC}") = "utility", "playwright-utility\basement\utility.csproj", "{85E35C97-3174-40F6-BE15-FE0E0AABBA7C}"
EndProject
Project("{FAE04EC0-301F-11D3-BF4B-00C04F79EFBC}") = "warc-tools", "playwright-utility\warc-tools\warc-tools.csproj", "{5D9DB6E3-3B93-4EB8-B53C-2B1C261F6761}"
EndProject
Project("{2150E333-8FDC-42A3-9474-1A3956D46DE8}") = "browser-control-example", "browser-control-example", "{6576F991-5A26-43E2-AC2F-3FB34707B8C5}"
EndProject
Project("{FAE04EC0-301F-11D3-BF4B-00C04F79EFBC}") = "browser-control-example", "browser-control-example\browser-control-example.csproj", "{2B6D5CFB-0B9A-450B-9537-5323419D33D2}"
EndProject
Project("{FAE04EC0-301F-11D3-BF4B-00C04F79EFBC}") = "playwright-settings", "playwright-utility\playwright-settings\playwright-settings.csproj", "{3988B8EF-C988-40EA-A1BE-7211BB463A34}"
EndProject
Project("{FAE04EC0-301F-11D3-BF4B-00C04F79EFBC}") = "context-storage-state-schema", "context-storage-state-schema\context-storage-state-schema.csproj", "{69F3E60D-4450-4406-AFA0-7D2D03411A80}"
EndProject
Project("{FAE04EC0-301F-11D3-BF4B-00C04F79EFBC}") = "user-profile-management", "user-profile-management\user-profile-management.csproj", "{B48015BB-73B6-4C6D-AA91-95540C946DD3}"
EndProject
Project("{FAE04EC0-301F-11D3-BF4B-00C04F79EFBC}") = "xlib-assert", "..\kcg-xlib\xlib-assert\xlib-assert.csproj", "{44C60C71-B04E-43FC-8C2B-99CDA22B1076}"
EndProject
Project("{FAE04EC0-301F-11D3-BF4B-00C04F79EFBC}") = "xlib-hash", "..\kcg-xlib\xlib-hash\xlib-hash.csproj", "{0D231CC8-67E1-4CC0-A342-4EF389062E32}"
EndProject
Project("{FAE04EC0-301F-11D3-BF4B-00C04F79EFBC}") = "xlib-io", "..\kcg-xlib\xlib-io\xlib-io.csproj", "{88C9032E-8836-4B40-BA33-F9F54C59A2E8}"
EndProject
Project("{FAE04EC0-301F-11D3-BF4B-00C04F79EFBC}") = "xlib-json", "..\kcg-xlib\xlib-json\xlib-json.csproj", "{AFB7BA2C-8B32-467F-82C7-FD75B835387E}"
EndProject
Project("{FAE04EC0-301F-11D3-BF4B-00C04F79EFBC}") = "xlib-log", "..\kcg-xlib\xlib-log\xlib-log.csproj", "{28E63CDC-A828-4590-A4D8-D8B0C5E19B30}"
EndProject
Project("{FAE04EC0-301F-11D3-BF4B-00C04F79EFBC}") = "xlib-os", "..\kcg-xlib\xlib-os\xlib-os.csproj", "{9C4AE3B4-8B75-4598-94E9-26417B479CBE}"
EndProject
Project("{FAE04EC0-301F-11D3-BF4B-00C04F79EFBC}") = "xlib-uid", "..\kcg-xlib\xlib-uid\xlib-uid.csproj", "{493B93FB-A40C-4853-BB09-319E3DFDB396}"
EndProject
Project("{FAE04EC0-301F-11D3-BF4B-00C04F79EFBC}") = "build-log", "..\kcg-xlib\build-log\build-log.csproj", "{1BE19597-B316-46CF-A9F8-8965A38C097B}"
EndProject
Project("{FAE04EC0-301F-11D3-BF4B-00C04F79EFBC}") = "build-log-client", "..\kcg-xlib\build-log-client\build-log-client.csproj", "{587FD691-6897-418B-A569-EAE22223BF8C}"
EndProject
Project("{FAE04EC0-301F-11D3-BF4B-00C04F79EFBC}") = "playwright-browser-automation", "playwright-browser-automation\playwright-browser-automation.csproj", "{0AA928BF-8650-4947-AE8C-97C1EFBB6041}"
EndProject
Project("{2150E333-8FDC-42A3-9474-1A3956D46DE8}") = "kcg-xlib-net", "kcg-xlib-net", "{E0FF60F2-63FA-4E29-A54D-DE95D42F76C4}"
EndProject
Project("{FAE04EC0-301F-11D3-BF4B-00C04F79EFBC}") = "xlib-http-server", "..\kcg-xlib-net\xlib-http-server\xlib-http-server.csproj", "{B96E9C79-9A71-41DF-9C9C-0504A78E582A}"
EndProject
Project("{FAE04EC0-301F-11D3-BF4B-00C04F79EFBC}") = "xlib-http-response", "..\kcg-xlib-net\xlib-http-response\xlib-http-response.csproj", "{9951D6E3-EBA7-4188-96BE-82241CCFF075}"
EndProject
Global
	GlobalSection(SolutionConfigurationPlatforms) = preSolution
		Debug|Any CPU = Debug|Any CPU
		Debug|x64 = Debug|x64
		Debug|x86 = Debug|x86
		Release|Any CPU = Release|Any CPU
		Release|x64 = Release|x64
		Release|x86 = Release|x86
	EndGlobalSection
	GlobalSection(ProjectConfigurationPlatforms) = postSolution
		{50B78A97-0960-4846-9349-8C1BE7DCCB80}.Debug|Any CPU.ActiveCfg = Debug|Any CPU
		{50B78A97-0960-4846-9349-8C1BE7DCCB80}.Debug|Any CPU.Build.0 = Debug|Any CPU
		{50B78A97-0960-4846-9349-8C1BE7DCCB80}.Debug|x64.ActiveCfg = Debug|Any CPU
		{50B78A97-0960-4846-9349-8C1BE7DCCB80}.Debug|x64.Build.0 = Debug|Any CPU
		{50B78A97-0960-4846-9349-8C1BE7DCCB80}.Debug|x86.ActiveCfg = Debug|Any CPU
		{50B78A97-0960-4846-9349-8C1BE7DCCB80}.Debug|x86.Build.0 = Debug|Any CPU
		{50B78A97-0960-4846-9349-8C1BE7DCCB80}.Release|Any CPU.ActiveCfg = Release|Any CPU
		{50B78A97-0960-4846-9349-8C1BE7DCCB80}.Release|Any CPU.Build.0 = Release|Any CPU
		{50B78A97-0960-4846-9349-8C1BE7DCCB80}.Release|x64.ActiveCfg = Release|Any CPU
		{50B78A97-0960-4846-9349-8C1BE7DCCB80}.Release|x64.Build.0 = Release|Any CPU
		{50B78A97-0960-4846-9349-8C1BE7DCCB80}.Release|x86.ActiveCfg = Release|Any CPU
		{50B78A97-0960-4846-9349-8C1BE7DCCB80}.Release|x86.Build.0 = Release|Any CPU
		{D8D3FEC2-81F3-426D-BD46-F157FAB69F76}.Debug|Any CPU.ActiveCfg = Debug|Any CPU
		{D8D3FEC2-81F3-426D-BD46-F157FAB69F76}.Debug|Any CPU.Build.0 = Debug|Any CPU
		{D8D3FEC2-81F3-426D-BD46-F157FAB69F76}.Debug|x64.ActiveCfg = Debug|Any CPU
		{D8D3FEC2-81F3-426D-BD46-F157FAB69F76}.Debug|x64.Build.0 = Debug|Any CPU
		{D8D3FEC2-81F3-426D-BD46-F157FAB69F76}.Debug|x86.ActiveCfg = Debug|Any CPU
		{D8D3FEC2-81F3-426D-BD46-F157FAB69F76}.Debug|x86.Build.0 = Debug|Any CPU
		{D8D3FEC2-81F3-426D-BD46-F157FAB69F76}.Release|Any CPU.ActiveCfg = Release|Any CPU
		{D8D3FEC2-81F3-426D-BD46-F157FAB69F76}.Release|Any CPU.Build.0 = Release|Any CPU
		{D8D3FEC2-81F3-426D-BD46-F157FAB69F76}.Release|x64.ActiveCfg = Release|Any CPU
		{D8D3FEC2-81F3-426D-BD46-F157FAB69F76}.Release|x64.Build.0 = Release|Any CPU
		{D8D3FEC2-81F3-426D-BD46-F157FAB69F76}.Release|x86.ActiveCfg = Release|Any CPU
		{D8D3FEC2-81F3-426D-BD46-F157FAB69F76}.Release|x86.Build.0 = Release|Any CPU
		{D5BA417F-5FF0-4043-B76B-5871CBACD147}.Debug|Any CPU.ActiveCfg = Debug|Any CPU
		{D5BA417F-5FF0-4043-B76B-5871CBACD147}.Debug|Any CPU.Build.0 = Debug|Any CPU
		{D5BA417F-5FF0-4043-B76B-5871CBACD147}.Debug|x64.ActiveCfg = Debug|Any CPU
		{D5BA417F-5FF0-4043-B76B-5871CBACD147}.Debug|x64.Build.0 = Debug|Any CPU
		{D5BA417F-5FF0-4043-B76B-5871CBACD147}.Debug|x86.ActiveCfg = Debug|Any CPU
		{D5BA417F-5FF0-4043-B76B-5871CBACD147}.Debug|x86.Build.0 = Debug|Any CPU
		{D5BA417F-5FF0-4043-B76B-5871CBACD147}.Release|Any CPU.ActiveCfg = Release|Any CPU
		{D5BA417F-5FF0-4043-B76B-5871CBACD147}.Release|Any CPU.Build.0 = Release|Any CPU
		{D5BA417F-5FF0-4043-B76B-5871CBACD147}.Release|x64.ActiveCfg = Release|Any CPU
		{D5BA417F-5FF0-4043-B76B-5871CBACD147}.Release|x64.Build.0 = Release|Any CPU
		{D5BA417F-5FF0-4043-B76B-5871CBACD147}.Release|x86.ActiveCfg = Release|Any CPU
		{D5BA417F-5FF0-4043-B76B-5871CBACD147}.Release|x86.Build.0 = Release|Any CPU
		{5B2614D3-29B5-4248-8FE3-6B851B87C831}.Debug|Any CPU.ActiveCfg = Debug|Any CPU
		{5B2614D3-29B5-4248-8FE3-6B851B87C831}.Debug|Any CPU.Build.0 = Debug|Any CPU
		{5B2614D3-29B5-4248-8FE3-6B851B87C831}.Debug|x64.ActiveCfg = Debug|Any CPU
		{5B2614D3-29B5-4248-8FE3-6B851B87C831}.Debug|x64.Build.0 = Debug|Any CPU
		{5B2614D3-29B5-4248-8FE3-6B851B87C831}.Debug|x86.ActiveCfg = Debug|Any CPU
		{5B2614D3-29B5-4248-8FE3-6B851B87C831}.Debug|x86.Build.0 = Debug|Any CPU
		{5B2614D3-29B5-4248-8FE3-6B851B87C831}.Release|Any CPU.ActiveCfg = Release|Any CPU
		{5B2614D3-29B5-4248-8FE3-6B851B87C831}.Release|Any CPU.Build.0 = Release|Any CPU
		{5B2614D3-29B5-4248-8FE3-6B851B87C831}.Release|x64.ActiveCfg = Release|Any CPU
		{5B2614D3-29B5-4248-8FE3-6B851B87C831}.Release|x64.Build.0 = Release|Any CPU
		{5B2614D3-29B5-4248-8FE3-6B851B87C831}.Release|x86.ActiveCfg = Release|Any CPU
		{5B2614D3-29B5-4248-8FE3-6B851B87C831}.Release|x86.Build.0 = Release|Any CPU
		{F4EFFD68-54A3-4D30-89C7-13F88DE63488}.Debug|Any CPU.ActiveCfg = Debug|Any CPU
		{F4EFFD68-54A3-4D30-89C7-13F88DE63488}.Debug|Any CPU.Build.0 = Debug|Any CPU
		{F4EFFD68-54A3-4D30-89C7-13F88DE63488}.Debug|x64.ActiveCfg = Debug|Any CPU
		{F4EFFD68-54A3-4D30-89C7-13F88DE63488}.Debug|x64.Build.0 = Debug|Any CPU
		{F4EFFD68-54A3-4D30-89C7-13F88DE63488}.Debug|x86.ActiveCfg = Debug|Any CPU
		{F4EFFD68-54A3-4D30-89C7-13F88DE63488}.Debug|x86.Build.0 = Debug|Any CPU
		{F4EFFD68-54A3-4D30-89C7-13F88DE63488}.Release|Any CPU.ActiveCfg = Release|Any CPU
		{F4EFFD68-54A3-4D30-89C7-13F88DE63488}.Release|Any CPU.Build.0 = Release|Any CPU
		{F4EFFD68-54A3-4D30-89C7-13F88DE63488}.Release|x64.ActiveCfg = Release|Any CPU
		{F4EFFD68-54A3-4D30-89C7-13F88DE63488}.Release|x64.Build.0 = Release|Any CPU
		{F4EFFD68-54A3-4D30-89C7-13F88DE63488}.Release|x86.ActiveCfg = Release|Any CPU
		{F4EFFD68-54A3-4D30-89C7-13F88DE63488}.Release|x86.Build.0 = Release|Any CPU
		{03D2E53F-759D-4CFE-997A-D7E13A6F6801}.Debug|Any CPU.ActiveCfg = Debug|Any CPU
		{03D2E53F-759D-4CFE-997A-D7E13A6F6801}.Debug|Any CPU.Build.0 = Debug|Any CPU
		{03D2E53F-759D-4CFE-997A-D7E13A6F6801}.Debug|x64.ActiveCfg = Debug|Any CPU
		{03D2E53F-759D-4CFE-997A-D7E13A6F6801}.Debug|x64.Build.0 = Debug|Any CPU
		{03D2E53F-759D-4CFE-997A-D7E13A6F6801}.Debug|x86.ActiveCfg = Debug|Any CPU
		{03D2E53F-759D-4CFE-997A-D7E13A6F6801}.Debug|x86.Build.0 = Debug|Any CPU
		{03D2E53F-759D-4CFE-997A-D7E13A6F6801}.Release|Any CPU.ActiveCfg = Release|Any CPU
		{03D2E53F-759D-4CFE-997A-D7E13A6F6801}.Release|Any CPU.Build.0 = Release|Any CPU
		{03D2E53F-759D-4CFE-997A-D7E13A6F6801}.Release|x64.ActiveCfg = Release|Any CPU
		{03D2E53F-759D-4CFE-997A-D7E13A6F6801}.Release|x64.Build.0 = Release|Any CPU
		{03D2E53F-759D-4CFE-997A-D7E13A6F6801}.Release|x86.ActiveCfg = Release|Any CPU
		{03D2E53F-759D-4CFE-997A-D7E13A6F6801}.Release|x86.Build.0 = Release|Any CPU
		{85E35C97-3174-40F6-BE15-FE0E0AABBA7C}.Debug|Any CPU.ActiveCfg = Debug|Any CPU
		{85E35C97-3174-40F6-BE15-FE0E0AABBA7C}.Debug|Any CPU.Build.0 = Debug|Any CPU
		{85E35C97-3174-40F6-BE15-FE0E0AABBA7C}.Debug|x64.ActiveCfg = Debug|Any CPU
		{85E35C97-3174-40F6-BE15-FE0E0AABBA7C}.Debug|x64.Build.0 = Debug|Any CPU
		{85E35C97-3174-40F6-BE15-FE0E0AABBA7C}.Debug|x86.ActiveCfg = Debug|Any CPU
		{85E35C97-3174-40F6-BE15-FE0E0AABBA7C}.Debug|x86.Build.0 = Debug|Any CPU
		{85E35C97-3174-40F6-BE15-FE0E0AABBA7C}.Release|Any CPU.ActiveCfg = Release|Any CPU
		{85E35C97-3174-40F6-BE15-FE0E0AABBA7C}.Release|Any CPU.Build.0 = Release|Any CPU
		{85E35C97-3174-40F6-BE15-FE0E0AABBA7C}.Release|x64.ActiveCfg = Release|Any CPU
		{85E35C97-3174-40F6-BE15-FE0E0AABBA7C}.Release|x64.Build.0 = Release|Any CPU
		{85E35C97-3174-40F6-BE15-FE0E0AABBA7C}.Release|x86.ActiveCfg = Release|Any CPU
		{85E35C97-3174-40F6-BE15-FE0E0AABBA7C}.Release|x86.Build.0 = Release|Any CPU
		{5D9DB6E3-3B93-4EB8-B53C-2B1C261F6761}.Debug|Any CPU.ActiveCfg = Debug|Any CPU
		{5D9DB6E3-3B93-4EB8-B53C-2B1C261F6761}.Debug|Any CPU.Build.0 = Debug|Any CPU
		{5D9DB6E3-3B93-4EB8-B53C-2B1C261F6761}.Debug|x64.ActiveCfg = Debug|Any CPU
		{5D9DB6E3-3B93-4EB8-B53C-2B1C261F6761}.Debug|x64.Build.0 = Debug|Any CPU
		{5D9DB6E3-3B93-4EB8-B53C-2B1C261F6761}.Debug|x86.ActiveCfg = Debug|Any CPU
		{5D9DB6E3-3B93-4EB8-B53C-2B1C261F6761}.Debug|x86.Build.0 = Debug|Any CPU
		{5D9DB6E3-3B93-4EB8-B53C-2B1C261F6761}.Release|Any CPU.ActiveCfg = Release|Any CPU
		{5D9DB6E3-3B93-4EB8-B53C-2B1C261F6761}.Release|Any CPU.Build.0 = Release|Any CPU
		{5D9DB6E3-3B93-4EB8-B53C-2B1C261F6761}.Release|x64.ActiveCfg = Release|Any CPU
		{5D9DB6E3-3B93-4EB8-B53C-2B1C261F6761}.Release|x64.Build.0 = Release|Any CPU
		{5D9DB6E3-3B93-4EB8-B53C-2B1C261F6761}.Release|x86.ActiveCfg = Release|Any CPU
		{5D9DB6E3-3B93-4EB8-B53C-2B1C261F6761}.Release|x86.Build.0 = Release|Any CPU
		{2B6D5CFB-0B9A-450B-9537-5323419D33D2}.Debug|Any CPU.ActiveCfg = Debug|Any CPU
		{2B6D5CFB-0B9A-450B-9537-5323419D33D2}.Debug|Any CPU.Build.0 = Debug|Any CPU
		{2B6D5CFB-0B9A-450B-9537-5323419D33D2}.Release|Any CPU.ActiveCfg = Release|Any CPU
		{2B6D5CFB-0B9A-450B-9537-5323419D33D2}.Release|Any CPU.Build.0 = Release|Any CPU
		{3988B8EF-C988-40EA-A1BE-7211BB463A34}.Debug|Any CPU.ActiveCfg = Debug|Any CPU
		{3988B8EF-C988-40EA-A1BE-7211BB463A34}.Debug|Any CPU.Build.0 = Debug|Any CPU
		{3988B8EF-C988-40EA-A1BE-7211BB463A34}.Debug|x64.ActiveCfg = Debug|Any CPU
		{3988B8EF-C988-40EA-A1BE-7211BB463A34}.Debug|x64.Build.0 = Debug|Any CPU
		{3988B8EF-C988-40EA-A1BE-7211BB463A34}.Debug|x86.ActiveCfg = Debug|Any CPU
		{3988B8EF-C988-40EA-A1BE-7211BB463A34}.Debug|x86.Build.0 = Debug|Any CPU
		{3988B8EF-C988-40EA-A1BE-7211BB463A34}.Release|Any CPU.ActiveCfg = Release|Any CPU
		{3988B8EF-C988-40EA-A1BE-7211BB463A34}.Release|Any CPU.Build.0 = Release|Any CPU
		{3988B8EF-C988-40EA-A1BE-7211BB463A34}.Release|x64.ActiveCfg = Release|Any CPU
		{3988B8EF-C988-40EA-A1BE-7211BB463A34}.Release|x64.Build.0 = Release|Any CPU
		{3988B8EF-C988-40EA-A1BE-7211BB463A34}.Release|x86.ActiveCfg = Release|Any CPU
		{3988B8EF-C988-40EA-A1BE-7211BB463A34}.Release|x86.Build.0 = Release|Any CPU
		{69F3E60D-4450-4406-AFA0-7D2D03411A80}.Debug|Any CPU.ActiveCfg = Debug|Any CPU
		{69F3E60D-4450-4406-AFA0-7D2D03411A80}.Debug|Any CPU.Build.0 = Debug|Any CPU
		{69F3E60D-4450-4406-AFA0-7D2D03411A80}.Debug|x64.ActiveCfg = Debug|Any CPU
		{69F3E60D-4450-4406-AFA0-7D2D03411A80}.Debug|x64.Build.0 = Debug|Any CPU
		{69F3E60D-4450-4406-AFA0-7D2D03411A80}.Debug|x86.ActiveCfg = Debug|Any CPU
		{69F3E60D-4450-4406-AFA0-7D2D03411A80}.Debug|x86.Build.0 = Debug|Any CPU
		{69F3E60D-4450-4406-AFA0-7D2D03411A80}.Release|Any CPU.ActiveCfg = Release|Any CPU
		{69F3E60D-4450-4406-AFA0-7D2D03411A80}.Release|Any CPU.Build.0 = Release|Any CPU
		{69F3E60D-4450-4406-AFA0-7D2D03411A80}.Release|x64.ActiveCfg = Release|Any CPU
		{69F3E60D-4450-4406-AFA0-7D2D03411A80}.Release|x64.Build.0 = Release|Any CPU
		{69F3E60D-4450-4406-AFA0-7D2D03411A80}.Release|x86.ActiveCfg = Release|Any CPU
		{69F3E60D-4450-4406-AFA0-7D2D03411A80}.Release|x86.Build.0 = Release|Any CPU
		{B48015BB-73B6-4C6D-AA91-95540C946DD3}.Debug|Any CPU.ActiveCfg = Debug|Any CPU
		{B48015BB-73B6-4C6D-AA91-95540C946DD3}.Debug|Any CPU.Build.0 = Debug|Any CPU
		{B48015BB-73B6-4C6D-AA91-95540C946DD3}.Debug|x64.ActiveCfg = Debug|Any CPU
		{B48015BB-73B6-4C6D-AA91-95540C946DD3}.Debug|x64.Build.0 = Debug|Any CPU
		{B48015BB-73B6-4C6D-AA91-95540C946DD3}.Debug|x86.ActiveCfg = Debug|Any CPU
		{B48015BB-73B6-4C6D-AA91-95540C946DD3}.Debug|x86.Build.0 = Debug|Any CPU
		{B48015BB-73B6-4C6D-AA91-95540C946DD3}.Release|Any CPU.ActiveCfg = Release|Any CPU
		{B48015BB-73B6-4C6D-AA91-95540C946DD3}.Release|Any CPU.Build.0 = Release|Any CPU
		{B48015BB-73B6-4C6D-AA91-95540C946DD3}.Release|x64.ActiveCfg = Release|Any CPU
		{B48015BB-73B6-4C6D-AA91-95540C946DD3}.Release|x64.Build.0 = Release|Any CPU
		{B48015BB-73B6-4C6D-AA91-95540C946DD3}.Release|x86.ActiveCfg = Release|Any CPU
		{B48015BB-73B6-4C6D-AA91-95540C946DD3}.Release|x86.Build.0 = Release|Any CPU
		{44C60C71-B04E-43FC-8C2B-99CDA22B1076}.Debug|Any CPU.ActiveCfg = Debug|Any CPU
		{44C60C71-B04E-43FC-8C2B-99CDA22B1076}.Debug|Any CPU.Build.0 = Debug|Any CPU
		{44C60C71-B04E-43FC-8C2B-99CDA22B1076}.Debug|x64.ActiveCfg = Debug|Any CPU
		{44C60C71-B04E-43FC-8C2B-99CDA22B1076}.Debug|x64.Build.0 = Debug|Any CPU
		{44C60C71-B04E-43FC-8C2B-99CDA22B1076}.Debug|x86.ActiveCfg = Debug|Any CPU
		{44C60C71-B04E-43FC-8C2B-99CDA22B1076}.Debug|x86.Build.0 = Debug|Any CPU
		{44C60C71-B04E-43FC-8C2B-99CDA22B1076}.Release|Any CPU.ActiveCfg = Release|Any CPU
		{44C60C71-B04E-43FC-8C2B-99CDA22B1076}.Release|Any CPU.Build.0 = Release|Any CPU
		{44C60C71-B04E-43FC-8C2B-99CDA22B1076}.Release|x64.ActiveCfg = Release|Any CPU
		{44C60C71-B04E-43FC-8C2B-99CDA22B1076}.Release|x64.Build.0 = Release|Any CPU
		{44C60C71-B04E-43FC-8C2B-99CDA22B1076}.Release|x86.ActiveCfg = Release|Any CPU
		{44C60C71-B04E-43FC-8C2B-99CDA22B1076}.Release|x86.Build.0 = Release|Any CPU
		{0D231CC8-67E1-4CC0-A342-4EF389062E32}.Debug|Any CPU.ActiveCfg = Debug|Any CPU
		{0D231CC8-67E1-4CC0-A342-4EF389062E32}.Debug|Any CPU.Build.0 = Debug|Any CPU
		{0D231CC8-67E1-4CC0-A342-4EF389062E32}.Debug|x64.ActiveCfg = Debug|Any CPU
		{0D231CC8-67E1-4CC0-A342-4EF389062E32}.Debug|x64.Build.0 = Debug|Any CPU
		{0D231CC8-67E1-4CC0-A342-4EF389062E32}.Debug|x86.ActiveCfg = Debug|Any CPU
		{0D231CC8-67E1-4CC0-A342-4EF389062E32}.Debug|x86.Build.0 = Debug|Any CPU
		{0D231CC8-67E1-4CC0-A342-4EF389062E32}.Release|Any CPU.ActiveCfg = Release|Any CPU
		{0D231CC8-67E1-4CC0-A342-4EF389062E32}.Release|Any CPU.Build.0 = Release|Any CPU
		{0D231CC8-67E1-4CC0-A342-4EF389062E32}.Release|x64.ActiveCfg = Release|Any CPU
		{0D231CC8-67E1-4CC0-A342-4EF389062E32}.Release|x64.Build.0 = Release|Any CPU
		{0D231CC8-67E1-4CC0-A342-4EF389062E32}.Release|x86.ActiveCfg = Release|Any CPU
		{0D231CC8-67E1-4CC0-A342-4EF389062E32}.Release|x86.Build.0 = Release|Any CPU
		{88C9032E-8836-4B40-BA33-F9F54C59A2E8}.Debug|Any CPU.ActiveCfg = Debug|Any CPU
		{88C9032E-8836-4B40-BA33-F9F54C59A2E8}.Debug|Any CPU.Build.0 = Debug|Any CPU
		{88C9032E-8836-4B40-BA33-F9F54C59A2E8}.Debug|x64.ActiveCfg = Debug|Any CPU
		{88C9032E-8836-4B40-BA33-F9F54C59A2E8}.Debug|x64.Build.0 = Debug|Any CPU
		{88C9032E-8836-4B40-BA33-F9F54C59A2E8}.Debug|x86.ActiveCfg = Debug|Any CPU
		{88C9032E-8836-4B40-BA33-F9F54C59A2E8}.Debug|x86.Build.0 = Debug|Any CPU
		{88C9032E-8836-4B40-BA33-F9F54C59A2E8}.Release|Any CPU.ActiveCfg = Release|Any CPU
		{88C9032E-8836-4B40-BA33-F9F54C59A2E8}.Release|Any CPU.Build.0 = Release|Any CPU
		{88C9032E-8836-4B40-BA33-F9F54C59A2E8}.Release|x64.ActiveCfg = Release|Any CPU
		{88C9032E-8836-4B40-BA33-F9F54C59A2E8}.Release|x64.Build.0 = Release|Any CPU
		{88C9032E-8836-4B40-BA33-F9F54C59A2E8}.Release|x86.ActiveCfg = Release|Any CPU
		{88C9032E-8836-4B40-BA33-F9F54C59A2E8}.Release|x86.Build.0 = Release|Any CPU
		{AFB7BA2C-8B32-467F-82C7-FD75B835387E}.Debug|Any CPU.ActiveCfg = Debug|Any CPU
		{AFB7BA2C-8B32-467F-82C7-FD75B835387E}.Debug|Any CPU.Build.0 = Debug|Any CPU
		{AFB7BA2C-8B32-467F-82C7-FD75B835387E}.Debug|x64.ActiveCfg = Debug|Any CPU
		{AFB7BA2C-8B32-467F-82C7-FD75B835387E}.Debug|x64.Build.0 = Debug|Any CPU
		{AFB7BA2C-8B32-467F-82C7-FD75B835387E}.Debug|x86.ActiveCfg = Debug|Any CPU
		{AFB7BA2C-8B32-467F-82C7-FD75B835387E}.Debug|x86.Build.0 = Debug|Any CPU
		{AFB7BA2C-8B32-467F-82C7-FD75B835387E}.Release|Any CPU.ActiveCfg = Release|Any CPU
		{AFB7BA2C-8B32-467F-82C7-FD75B835387E}.Release|Any CPU.Build.0 = Release|Any CPU
		{AFB7BA2C-8B32-467F-82C7-FD75B835387E}.Release|x64.ActiveCfg = Release|Any CPU
		{AFB7BA2C-8B32-467F-82C7-FD75B835387E}.Release|x64.Build.0 = Release|Any CPU
		{AFB7BA2C-8B32-467F-82C7-FD75B835387E}.Release|x86.ActiveCfg = Release|Any CPU
		{AFB7BA2C-8B32-467F-82C7-FD75B835387E}.Release|x86.Build.0 = Release|Any CPU
		{28E63CDC-A828-4590-A4D8-D8B0C5E19B30}.Debug|Any CPU.ActiveCfg = Debug|Any CPU
		{28E63CDC-A828-4590-A4D8-D8B0C5E19B30}.Debug|Any CPU.Build.0 = Debug|Any CPU
		{28E63CDC-A828-4590-A4D8-D8B0C5E19B30}.Debug|x64.ActiveCfg = Debug|Any CPU
		{28E63CDC-A828-4590-A4D8-D8B0C5E19B30}.Debug|x64.Build.0 = Debug|Any CPU
		{28E63CDC-A828-4590-A4D8-D8B0C5E19B30}.Debug|x86.ActiveCfg = Debug|Any CPU
		{28E63CDC-A828-4590-A4D8-D8B0C5E19B30}.Debug|x86.Build.0 = Debug|Any CPU
		{28E63CDC-A828-4590-A4D8-D8B0C5E19B30}.Release|Any CPU.ActiveCfg = Release|Any CPU
		{28E63CDC-A828-4590-A4D8-D8B0C5E19B30}.Release|Any CPU.Build.0 = Release|Any CPU
		{28E63CDC-A828-4590-A4D8-D8B0C5E19B30}.Release|x64.ActiveCfg = Release|Any CPU
		{28E63CDC-A828-4590-A4D8-D8B0C5E19B30}.Release|x64.Build.0 = Release|Any CPU
		{28E63CDC-A828-4590-A4D8-D8B0C5E19B30}.Release|x86.ActiveCfg = Release|Any CPU
		{28E63CDC-A828-4590-A4D8-D8B0C5E19B30}.Release|x86.Build.0 = Release|Any CPU
		{9C4AE3B4-8B75-4598-94E9-26417B479CBE}.Debug|Any CPU.ActiveCfg = Debug|Any CPU
		{9C4AE3B4-8B75-4598-94E9-26417B479CBE}.Debug|Any CPU.Build.0 = Debug|Any CPU
		{9C4AE3B4-8B75-4598-94E9-26417B479CBE}.Debug|x64.ActiveCfg = Debug|Any CPU
		{9C4AE3B4-8B75-4598-94E9-26417B479CBE}.Debug|x64.Build.0 = Debug|Any CPU
		{9C4AE3B4-8B75-4598-94E9-26417B479CBE}.Debug|x86.ActiveCfg = Debug|Any CPU
		{9C4AE3B4-8B75-4598-94E9-26417B479CBE}.Debug|x86.Build.0 = Debug|Any CPU
		{9C4AE3B4-8B75-4598-94E9-26417B479CBE}.Release|Any CPU.ActiveCfg = Release|Any CPU
		{9C4AE3B4-8B75-4598-94E9-26417B479CBE}.Release|Any CPU.Build.0 = Release|Any CPU
		{9C4AE3B4-8B75-4598-94E9-26417B479CBE}.Release|x64.ActiveCfg = Release|Any CPU
		{9C4AE3B4-8B75-4598-94E9-26417B479CBE}.Release|x64.Build.0 = Release|Any CPU
		{9C4AE3B4-8B75-4598-94E9-26417B479CBE}.Release|x86.ActiveCfg = Release|Any CPU
		{9C4AE3B4-8B75-4598-94E9-26417B479CBE}.Release|x86.Build.0 = Release|Any CPU
		{493B93FB-A40C-4853-BB09-319E3DFDB396}.Debug|Any CPU.ActiveCfg = Debug|Any CPU
		{493B93FB-A40C-4853-BB09-319E3DFDB396}.Debug|Any CPU.Build.0 = Debug|Any CPU
		{493B93FB-A40C-4853-BB09-319E3DFDB396}.Debug|x64.ActiveCfg = Debug|Any CPU
		{493B93FB-A40C-4853-BB09-319E3DFDB396}.Debug|x64.Build.0 = Debug|Any CPU
		{493B93FB-A40C-4853-BB09-319E3DFDB396}.Debug|x86.ActiveCfg = Debug|Any CPU
		{493B93FB-A40C-4853-BB09-319E3DFDB396}.Debug|x86.Build.0 = Debug|Any CPU
		{493B93FB-A40C-4853-BB09-319E3DFDB396}.Release|Any CPU.ActiveCfg = Release|Any CPU
		{493B93FB-A40C-4853-BB09-319E3DFDB396}.Release|Any CPU.Build.0 = Release|Any CPU
		{493B93FB-A40C-4853-BB09-319E3DFDB396}.Release|x64.ActiveCfg = Release|Any CPU
		{493B93FB-A40C-4853-BB09-319E3DFDB396}.Release|x64.Build.0 = Release|Any CPU
		{493B93FB-A40C-4853-BB09-319E3DFDB396}.Release|x86.ActiveCfg = Release|Any CPU
		{493B93FB-A40C-4853-BB09-319E3DFDB396}.Release|x86.Build.0 = Release|Any CPU
		{1BE19597-B316-46CF-A9F8-8965A38C097B}.Debug|Any CPU.ActiveCfg = Debug|Any CPU
		{1BE19597-B316-46CF-A9F8-8965A38C097B}.Debug|Any CPU.Build.0 = Debug|Any CPU
		{1BE19597-B316-46CF-A9F8-8965A38C097B}.Debug|x64.ActiveCfg = Debug|Any CPU
		{1BE19597-B316-46CF-A9F8-8965A38C097B}.Debug|x64.Build.0 = Debug|Any CPU
		{1BE19597-B316-46CF-A9F8-8965A38C097B}.Debug|x86.ActiveCfg = Debug|Any CPU
		{1BE19597-B316-46CF-A9F8-8965A38C097B}.Debug|x86.Build.0 = Debug|Any CPU
		{1BE19597-B316-46CF-A9F8-8965A38C097B}.Release|Any CPU.ActiveCfg = Release|Any CPU
		{1BE19597-B316-46CF-A9F8-8965A38C097B}.Release|Any CPU.Build.0 = Release|Any CPU
		{1BE19597-B316-46CF-A9F8-8965A38C097B}.Release|x64.ActiveCfg = Release|Any CPU
		{1BE19597-B316-46CF-A9F8-8965A38C097B}.Release|x64.Build.0 = Release|Any CPU
		{1BE19597-B316-46CF-A9F8-8965A38C097B}.Release|x86.ActiveCfg = Release|Any CPU
		{1BE19597-B316-46CF-A9F8-8965A38C097B}.Release|x86.Build.0 = Release|Any CPU
		{587FD691-6897-418B-A569-EAE22223BF8C}.Debug|Any CPU.ActiveCfg = Debug|Any CPU
		{587FD691-6897-418B-A569-EAE22223BF8C}.Debug|Any CPU.Build.0 = Debug|Any CPU
		{587FD691-6897-418B-A569-EAE22223BF8C}.Debug|x64.ActiveCfg = Debug|Any CPU
		{587FD691-6897-418B-A569-EAE22223BF8C}.Debug|x64.Build.0 = Debug|Any CPU
		{587FD691-6897-418B-A569-EAE22223BF8C}.Debug|x86.ActiveCfg = Debug|Any CPU
		{587FD691-6897-418B-A569-EAE22223BF8C}.Debug|x86.Build.0 = Debug|Any CPU
		{587FD691-6897-418B-A569-EAE22223BF8C}.Release|Any CPU.ActiveCfg = Release|Any CPU
		{587FD691-6897-418B-A569-EAE22223BF8C}.Release|Any CPU.Build.0 = Release|Any CPU
		{587FD691-6897-418B-A569-EAE22223BF8C}.Release|x64.ActiveCfg = Release|Any CPU
		{587FD691-6897-418B-A569-EAE22223BF8C}.Release|x64.Build.0 = Release|Any CPU
		{587FD691-6897-418B-A569-EAE22223BF8C}.Release|x86.ActiveCfg = Release|Any CPU
		{587FD691-6897-418B-A569-EAE22223BF8C}.Release|x86.Build.0 = Release|Any CPU
		{0AA928BF-8650-4947-AE8C-97C1EFBB6041}.Debug|Any CPU.ActiveCfg = Debug|Any CPU
		{0AA928BF-8650-4947-AE8C-97C1EFBB6041}.Debug|Any CPU.Build.0 = Debug|Any CPU
		{0AA928BF-8650-4947-AE8C-97C1EFBB6041}.Debug|x64.ActiveCfg = Debug|Any CPU
		{0AA928BF-8650-4947-AE8C-97C1EFBB6041}.Debug|x64.Build.0 = Debug|Any CPU
		{0AA928BF-8650-4947-AE8C-97C1EFBB6041}.Debug|x86.ActiveCfg = Debug|Any CPU
		{0AA928BF-8650-4947-AE8C-97C1EFBB6041}.Debug|x86.Build.0 = Debug|Any CPU
		{0AA928BF-8650-4947-AE8C-97C1EFBB6041}.Release|Any CPU.ActiveCfg = Release|Any CPU
		{0AA928BF-8650-4947-AE8C-97C1EFBB6041}.Release|Any CPU.Build.0 = Release|Any CPU
		{0AA928BF-8650-4947-AE8C-97C1EFBB6041}.Release|x64.ActiveCfg = Release|Any CPU
		{0AA928BF-8650-4947-AE8C-97C1EFBB6041}.Release|x64.Build.0 = Release|Any CPU
		{0AA928BF-8650-4947-AE8C-97C1EFBB6041}.Release|x86.ActiveCfg = Release|Any CPU
		{0AA928BF-8650-4947-AE8C-97C1EFBB6041}.Release|x86.Build.0 = Release|Any CPU
		{B96E9C79-9A71-41DF-9C9C-0504A78E582A}.Debug|Any CPU.ActiveCfg = Debug|Any CPU
		{B96E9C79-9A71-41DF-9C9C-0504A78E582A}.Debug|Any CPU.Build.0 = Debug|Any CPU
		{B96E9C79-9A71-41DF-9C9C-0504A78E582A}.Debug|x64.ActiveCfg = Debug|Any CPU
		{B96E9C79-9A71-41DF-9C9C-0504A78E582A}.Debug|x64.Build.0 = Debug|Any CPU
		{B96E9C79-9A71-41DF-9C9C-0504A78E582A}.Debug|x86.ActiveCfg = Debug|Any CPU
		{B96E9C79-9A71-41DF-9C9C-0504A78E582A}.Debug|x86.Build.0 = Debug|Any CPU
		{B96E9C79-9A71-41DF-9C9C-0504A78E582A}.Release|Any CPU.ActiveCfg = Release|Any CPU
		{B96E9C79-9A71-41DF-9C9C-0504A78E582A}.Release|Any CPU.Build.0 = Release|Any CPU
		{B96E9C79-9A71-41DF-9C9C-0504A78E582A}.Release|x64.ActiveCfg = Release|Any CPU
		{B96E9C79-9A71-41DF-9C9C-0504A78E582A}.Release|x64.Build.0 = Release|Any CPU
		{B96E9C79-9A71-41DF-9C9C-0504A78E582A}.Release|x86.ActiveCfg = Release|Any CPU
		{B96E9C79-9A71-41DF-9C9C-0504A78E582A}.Release|x86.Build.0 = Release|Any CPU
		{9951D6E3-EBA7-4188-96BE-82241CCFF075}.Debug|Any CPU.ActiveCfg = Debug|Any CPU
		{9951D6E3-EBA7-4188-96BE-82241CCFF075}.Debug|Any CPU.Build.0 = Debug|Any CPU
		{9951D6E3-EBA7-4188-96BE-82241CCFF075}.Debug|x64.ActiveCfg = Debug|Any CPU
		{9951D6E3-EBA7-4188-96BE-82241CCFF075}.Debug|x64.Build.0 = Debug|Any CPU
		{9951D6E3-EBA7-4188-96BE-82241CCFF075}.Debug|x86.ActiveCfg = Debug|Any CPU
		{9951D6E3-EBA7-4188-96BE-82241CCFF075}.Debug|x86.Build.0 = Debug|Any CPU
		{9951D6E3-EBA7-4188-96BE-82241CCFF075}.Release|Any CPU.ActiveCfg = Release|Any CPU
		{9951D6E3-EBA7-4188-96BE-82241CCFF075}.Release|Any CPU.Build.0 = Release|Any CPU
		{9951D6E3-EBA7-4188-96BE-82241CCFF075}.Release|x64.ActiveCfg = Release|Any CPU
		{9951D6E3-EBA7-4188-96BE-82241CCFF075}.Release|x64.Build.0 = Release|Any CPU
		{9951D6E3-EBA7-4188-96BE-82241CCFF075}.Release|x86.ActiveCfg = Release|Any CPU
		{9951D6E3-EBA7-4188-96BE-82241CCFF075}.Release|x86.Build.0 = Release|Any CPU
	EndGlobalSection
	GlobalSection(SolutionProperties) = preSolution
		HideSolutionNode = FALSE
		>>>>>>> origin/main =
	EndGlobalSection
	GlobalSection(NestedProjects) = preSolution
		{85E35C97-3174-40F6-BE15-FE0E0AABBA7C} = {A9EFCD64-C0AE-4C73-A394-23DF7D45CE48}
		{5D9DB6E3-3B93-4EB8-B53C-2B1C261F6761} = {A9EFCD64-C0AE-4C73-A394-23DF7D45CE48}
		{2B6D5CFB-0B9A-450B-9537-5323419D33D2} = {6576F991-5A26-43E2-AC2F-3FB34707B8C5}
		{3988B8EF-C988-40EA-A1BE-7211BB463A34} = {A9EFCD64-C0AE-4C73-A394-23DF7D45CE48}
		{44C60C71-B04E-43FC-8C2B-99CDA22B1076} = {FE8048C8-DDAC-4506-BB9B-DF0C06A4401C}
		{0D231CC8-67E1-4CC0-A342-4EF389062E32} = {FE8048C8-DDAC-4506-BB9B-DF0C06A4401C}
		{88C9032E-8836-4B40-BA33-F9F54C59A2E8} = {FE8048C8-DDAC-4506-BB9B-DF0C06A4401C}
		{AFB7BA2C-8B32-467F-82C7-FD75B835387E} = {FE8048C8-DDAC-4506-BB9B-DF0C06A4401C}
		{28E63CDC-A828-4590-A4D8-D8B0C5E19B30} = {FE8048C8-DDAC-4506-BB9B-DF0C06A4401C}
		{9C4AE3B4-8B75-4598-94E9-26417B479CBE} = {FE8048C8-DDAC-4506-BB9B-DF0C06A4401C}
		{493B93FB-A40C-4853-BB09-319E3DFDB396} = {FE8048C8-DDAC-4506-BB9B-DF0C06A4401C}
		{1BE19597-B316-46CF-A9F8-8965A38C097B} = {FE8048C8-DDAC-4506-BB9B-DF0C06A4401C}
		{587FD691-6897-418B-A569-EAE22223BF8C} = {FE8048C8-DDAC-4506-BB9B-DF0C06A4401C}
		{B96E9C79-9A71-41DF-9C9C-0504A78E582A} = {E0FF60F2-63FA-4E29-A54D-DE95D42F76C4}
		{9951D6E3-EBA7-4188-96BE-82241CCFF075} = {E0FF60F2-63FA-4E29-A54D-DE95D42F76C4}
	EndGlobalSection
EndGlobal
